{
  "version": 4,
  "terraform_version": "1.0.5",
  "serial": 6,
  "lineage": "c08a02e1-9a79-63cc-fdbe-2911395b47cb",
  "outputs": {},
  "resources": [
    {
      "mode": "managed",
      "type": "newrelic_alert_channel",
      "name": "email_channel",
      "provider": "provider[\"registry.terraform.io/newrelic/newrelic\"]",
      "instances": [
        {
          "schema_version": 0,
          "attributes": {
            "config": [
              {
                "api_key": "",
                "auth_password": "",
                "auth_type": "",
                "auth_username": "",
                "base_url": "",
                "channel": "",
                "headers": null,
                "headers_string": "",
                "include_json_attachment": "true",
                "key": "",
                "payload": null,
                "payload_string": "",
                "payload_type": "",
                "recipients": "nima@beaming.digital, nadib@newreli.com",
                "region": "",
                "route_key": "",
                "service_key": "",
                "tags": "",
                "teams": "",
                "url": "",
                "user_id": ""
              }
            ],
            "id": "5437034",
            "name": "My Test Email Channel",
            "type": "email"
          },
          "sensitive_attributes": [],
          "private": "bnVsbA=="
        }
      ]
    },
    {
      "mode": "managed",
      "type": "newrelic_alert_policy",
      "name": "mytestpolicy",
      "provider": "provider[\"registry.terraform.io/newrelic/newrelic\"]",
      "instances": [
        {
          "schema_version": 0,
          "attributes": {
            "account_id": 2752835,
            "channel_ids": null,
            "id": "1505881",
            "incident_preference": "PER_POLICY",
            "name": "My Test Policy"
          },
          "sensitive_attributes": [],
          "private": "bnVsbA=="
        }
      ]
    },
    {
      "mode": "managed",
      "type": "newrelic_alert_policy_channel",
      "name": "mychannellink",
      "provider": "provider[\"registry.terraform.io/newrelic/newrelic\"]",
      "instances": [
        {
          "schema_version": 1,
          "attributes": {
            "channel_ids": [
              5437034
            ],
            "id": "1505881:5437034",
            "policy_id": 1505881
          },
          "sensitive_attributes": [],
          "private": "eyJzY2hlbWFfdmVyc2lvbiI6IjEifQ==",
          "dependencies": [
            "newrelic_alert_channel.email_channel",
            "newrelic_alert_policy.mytestpolicy"
          ]
        }
      ]
    },
    {
      "mode": "managed",
      "type": "newrelic_infra_alert_condition",
      "name": "my_high_cpu_alert",
      "provider": "provider[\"registry.terraform.io/newrelic/newrelic\"]",
      "instances": [
        {
          "schema_version": 0,
          "attributes": {
            "comparison": "above",
            "created_at": 1630425004,
            "critical": [
              {
                "duration": 25,
                "time_function": "any",
                "value": 25
              }
            ],
            "description": "",
            "enabled": true,
            "event": "SystemSample",
            "id": "1505881:22326533",
            "integration_provider": null,
            "name": "My Test High CPU Usage Alert",
            "policy_id": 1505881,
            "process_where": null,
            "runbook_url": "",
            "select": "cpuPercent",
            "type": "infra_metric",
            "updated_at": 1630425004,
            "violation_close_timer": 24,
            "warning": [
              {
                "duration": 10,
                "time_function": "any",
                "value": 15
              }
            ],
            "where": "(hostname LIKE 'ubunzzy')"
          },
          "sensitive_attributes": [],
          "private": "bnVsbA==",
          "dependencies": [
            "newrelic_alert_policy.mytestpolicy"
          ]
        }
      ]
    }
  ]
}
