{
  "version": 4,
  "terraform_version": "1.0.3",
  "serial": 66,
  "lineage": "c08a02e1-9a79-63cc-fdbe-2911395b47cb",
  "outputs": {},
  "resources": [
    {
      "mode": "managed",
      "type": "newrelic_alert_policy",
      "name": "mytestpolicy",
      "provider": "provider[\"registry.terraform.io/newrelic/newrelic\"]",
      "instances": [
        {
          "schema_version": 0,
          "attributes": {
            "account_id": 3291700,
            "channel_ids": null,
            "id": "3779576",
            "incident_preference": "PER_POLICY",
            "name": "My Test Policy"
          },
          "sensitive_attributes": [],
          "private": "bnVsbA=="
        }
      ]
    },
    {
      "mode": "managed",
      "type": "newrelic_infra_alert_condition",
      "name": "mytestcpuinfraalert",
      "provider": "provider[\"registry.terraform.io/newrelic/newrelic\"]",
      "instances": [
        {
          "schema_version": 0,
          "attributes": {
            "comparison": "above",
            "created_at": 1670866892,
            "critical": [
              {
                "duration": 25,
                "time_function": "any",
                "value": 25
              }
            ],
            "description": "",
            "enabled": true,
            "event": "SystemSample",
            "id": "3779576:29003507",
            "integration_provider": null,
            "name": "My Test High CPU Usage Alert",
            "policy_id": 3779576,
            "process_where": null,
            "runbook_url": "",
            "select": "cpuPercent",
            "type": "infra_metric",
            "updated_at": 1670866892,
            "violation_close_timer": 24,
            "warning": [
              {
                "duration": 10,
                "time_function": "any",
                "value": 15
              }
            ],
            "where": null
          },
          "sensitive_attributes": [],
          "private": "bnVsbA==",
          "dependencies": [
            "newrelic_alert_policy.mytestpolicy"
          ]
        }
      ]
    },
    {
      "mode": "managed",
      "type": "newrelic_notification_channel",
      "name": "mytestchannel",
      "provider": "provider[\"registry.terraform.io/newrelic/newrelic\"]",
      "instances": [
        {
          "schema_version": 0,
          "attributes": {
            "account_id": 3291700,
            "active": true,
            "destination_id": "56de5874-4f7c-41af-9bc1-a2ab1354f0d2",
            "id": "0486a29c-057a-45f2-a102-0adf478c8da2",
            "name": "channel-email",
            "product": "IINT",
            "property": [
              {
                "display_value": "",
                "key": "customDetailsEmail",
                "label": "",
                "value": "issue id - {{issueId}}"
              },
              {
                "display_value": "",
                "key": "subject",
                "label": "",
                "value": "My Test Subject"
              }
            ],
            "status": "DEFAULT",
            "type": "EMAIL"
          },
          "sensitive_attributes": [],
          "private": "bnVsbA==",
          "dependencies": [
            "newrelic_notification_destination.mytestdestination"
          ]
        }
      ]
    },
    {
      "mode": "managed",
      "type": "newrelic_notification_destination",
      "name": "mytestdestination",
      "provider": "provider[\"registry.terraform.io/newrelic/newrelic\"]",
      "instances": [
        {
          "schema_version": 1,
          "attributes": {
            "account_id": 3291700,
            "active": true,
            "auth_basic": [],
            "auth_token": [],
            "id": "56de5874-4f7c-41af-9bc1-a2ab1354f0d2",
            "last_sent": "",
            "name": "terraform-email-destination",
            "property": [
              {
                "display_value": "",
                "key": "email",
                "label": "",
                "value": "nima@beaming.digital,nadib@newrelic.com"
              }
            ],
            "status": "DEFAULT",
            "type": "EMAIL"
          },
          "sensitive_attributes": [],
          "private": "eyJzY2hlbWFfdmVyc2lvbiI6IjEifQ=="
        }
      ]
    },
    {
      "mode": "managed",
      "type": "newrelic_nrql_alert_condition",
      "name": "mytestnrqlalert",
      "provider": "provider[\"registry.terraform.io/newrelic/newrelic\"]",
      "instances": [
        {
          "schema_version": 0,
          "attributes": {
            "account_id": null,
            "aggregation_delay": null,
            "aggregation_method": null,
            "aggregation_timer": null,
            "aggregation_window": null,
            "baseline_direction": "upper_only",
            "close_violations_on_expiration": null,
            "critical": [
              {
                "duration": 0,
                "operator": "above",
                "threshold": 80,
                "threshold_duration": 300,
                "threshold_occurrences": "ALL",
                "time_function": ""
              }
            ],
            "description": "CPU Alert",
            "enabled": true,
            "entity_guid": null,
            "expiration_duration": null,
            "fill_option": null,
            "fill_value": null,
            "id": "3779576:29003508",
            "name": "My Test NRQL Alert",
            "nrql": [
              {
                "evaluation_offset": 0,
                "query": "FROM SystemSample SELECT average(cpuPercent) facet hostname",
                "since_value": ""
              }
            ],
            "open_violation_on_expiration": null,
            "policy_id": 3779576,
            "runbook_url": null,
            "slide_by": null,
            "term": [],
            "timeouts": null,
            "type": "static",
            "value_function": null,
            "violation_time_limit": null,
            "violation_time_limit_seconds": 3600,
            "warning": [
              {
                "duration": 0,
                "operator": "above",
                "threshold": 65,
                "threshold_duration": 600,
                "threshold_occurrences": "ALL",
                "time_function": ""
              }
            ]
          },
          "sensitive_attributes": [],
          "private": "eyJlMmJmYjczMC1lY2FhLTExZTYtOGY4OC0zNDM2M2JjN2M0YzAiOnsiY3JlYXRlIjozMDAwMDAwMDAwMH19",
          "dependencies": [
            "newrelic_alert_policy.mytestpolicy"
          ]
        }
      ]
    },
    {
      "mode": "managed",
      "type": "newrelic_one_dashboard",
      "name": "exampledash",
      "provider": "provider[\"registry.terraform.io/newrelic/newrelic\"]",
      "instances": [
        {
          "schema_version": 0,
          "attributes": {
            "account_id": 3291700,
            "description": null,
            "guid": "MzI5MTcwMHxWSVp8REFTSEJPQVJEfGRhOjI0NDQ3NTQ",
            "id": "MzI5MTcwMHxWSVp8REFTSEJPQVJEfGRhOjI0NDQ3NTQ",
            "name": "New Relic Terraform Example",
            "page": [
              {
                "description": "",
                "guid": "MzI5MTcwMHxWSVp8REFTSEJPQVJEfDY3NzM5ODE",
                "name": "New Relic Terraform Example",
                "widget_area": [],
                "widget_bar": [],
                "widget_billboard": [
                  {
                    "column": 1,
                    "critical": "",
                    "height": 3,
                    "id": "113638278",
                    "ignore_time_range": false,
                    "nrql_query": [
                      {
                        "account_id": 3291700,
                        "query": "FROM SystemSample SELECT average(cpuPercent) facet hostname"
                      }
                    ],
                    "row": 1,
                    "title": "Average CPU",
                    "warning": "",
                    "width": 6
                  }
                ],
                "widget_bullet": [],
                "widget_funnel": [],
                "widget_heatmap": [],
                "widget_histogram": [],
                "widget_json": [],
                "widget_line": [
                  {
                    "column": 1,
                    "height": 3,
                    "id": "113638279",
                    "ignore_time_range": false,
                    "nrql_query": [
                      {
                        "account_id": 3291700,
                        "query": "FROM SystemSample Select average(cpuPercent) facet hostname"
                      }
                    ],
                    "row": 4,
                    "title": "Average CPU OverTime",
                    "width": 6
                  }
                ],
                "widget_log_table": [],
                "widget_markdown": [],
                "widget_pie": [],
                "widget_stacked_bar": [],
                "widget_table": []
              }
            ],
            "permalink": "https://one.newrelic.com/redirect/entity/MzI5MTcwMHxWSVp8REFTSEJPQVJEfGRhOjI0NDQ3NTQ",
            "permissions": "public_read_only",
            "variable": []
          },
          "sensitive_attributes": [],
          "private": "bnVsbA=="
        }
      ]
    },
    {
      "mode": "managed",
      "type": "newrelic_workflow",
      "name": "workflow-example",
      "provider": "provider[\"registry.terraform.io/newrelic/newrelic\"]",
      "instances": [
        {
          "schema_version": 1,
          "attributes": {
            "account_id": 3291700,
            "destination": [
              {
                "channel_id": "0486a29c-057a-45f2-a102-0adf478c8da2",
                "name": "channel-email",
                "type": "EMAIL"
              }
            ],
            "destinations_enabled": true,
            "enabled": true,
            "enrichments": [],
            "enrichments_enabled": true,
            "id": "ba076d21-9e80-4f0b-977f-ecbee4428d9f",
            "issues_filter": [
              {
                "filter_id": "52dbc059-6e61-447b-a9d6-790a2fd2392d",
                "name": "Filter-name",
                "predicate": [
                  {
                    "attribute": "labels.policyIds",
                    "operator": "EXACTLY_MATCHES",
                    "values": [
                      "3779576"
                    ]
                  }
                ],
                "type": "FILTER"
              }
            ],
            "last_run": "",
            "muting_rules_handling": "NOTIFY_ALL_ISSUES",
            "name": "workflow-example",
            "workflow_id": "ba076d21-9e80-4f0b-977f-ecbee4428d9f"
          },
          "sensitive_attributes": [],
          "private": "eyJzY2hlbWFfdmVyc2lvbiI6IjEifQ==",
          "dependencies": [
            "newrelic_alert_policy.mytestpolicy",
            "newrelic_notification_channel.mytestchannel",
            "newrelic_notification_destination.mytestdestination"
          ]
        }
      ]
    }
  ]
}
